
Microsoft Visual Studio Solution File, Format Version 12.00
# Visual Studio Version 17
VisualStudioVersion = 17.13.35931.197
MinimumVisualStudioVersion = 10.0.40219.1
Project("{FAE04EC0-301F-11D3-BF4B-00C04F79EFBC}") = "NL2SQL_Blazor", "NL2SQL_Blazor.csproj", "{82790DD8-57F3-4BF8-9824-BD66BD7E4C74}"
EndProject
Global
	GlobalSection(SolutionConfigurationPlatforms) = preSolution
		Debug|Any CPU = Debug|Any CPU
		Release|Any CPU = Release|Any CPU
	EndGlobalSection
	GlobalSection(ProjectConfigurationPlatforms) = postSolution
		{82790DD8-57F3-4BF8-9824-BD66BD7E4C74}.Debug|Any CPU.ActiveCfg = Debug|Any CPU
		{82790DD8-57F3-4BF8-9824-BD66BD7E4C74}.Debug|Any CPU.Build.0 = Debug|Any CPU
		{82790DD8-57F3-4BF8-9824-BD66BD7E4C74}.Release|Any CPU.ActiveCfg = Release|Any CPU
		{82790DD8-57F3-4BF8-9824-BD66BD7E4C74}.Release|Any CPU.Build.0 = Release|Any CPU
	EndGlobalSection
	GlobalSection(SolutionProperties) = preSolution
		HideSolutionNode = FALSE
	EndGlobalSection
	GlobalSection(ExtensibilityGlobals) = postSolution
		SolutionGuid = {AE46D77A-8E07-4502-9A6A-ADA645913858}
	EndGlobalSection
EndGlobal
